
Microsoft Visual Studio Solution File, Format Version 12.00
# Visual Studio 15
VisualStudioVersion = 15.0.28010.2050
MinimumVisualStudioVersion = 10.0.40219.1
Project("{9A19103F-16F7-4668-BE54-9A1E7A4F7556}") = "Northwind.Data.Service.REST", "Northwind.Data.Service\Northwind.Data.Service.REST.csproj", "{14CAB3B5-1B5C-4DCA-8B93-93EC606E7BDF}"
EndProject
Project("{2150E333-8FDC-42A3-9474-1A3956D46DE8}") = "Control", "Control", "{3F00F36B-0A5A-41A9-AF59-5724635E1D75}"
EndProject
Project("{2150E333-8FDC-42A3-9474-1A3956D46DE8}") = "Business", "Business", "{19665D7A-15BC-4165-B026-4D2C2F96C9B7}"
EndProject
Project("{2150E333-8FDC-42A3-9474-1A3956D46DE8}") = "Infrastructure", "Infrastructure", "{652C2535-9124-4B40-9E73-D7B877341DFD}"
EndProject
Project("{2150E333-8FDC-42A3-9474-1A3956D46DE8}") = "SharedLib", "SharedLib", "{B510272A-CBD7-4670-9F1E-B374A17349A6}"
EndProject
Project("{2150E333-8FDC-42A3-9474-1A3956D46DE8}") = "EnterpriseSharedLib", "EnterpriseSharedLib", "{AE65D4C3-46D4-426B-A646-547D0DF0825E}"
EndProject
Project("{D954291E-2A0B-460D-934E-DC6B0785DB48}") = "Northwind.Customer", "Northwind.Customer\Northwind.Customer.shproj", "{2722B0C1-9A0E-4CCD-AA14-00D2EDFD813E}"
EndProject
Project("{9A19103F-16F7-4668-BE54-9A1E7A4F7556}") = "Northwind.Customer.Core", "Northwind.Customer.Core\Northwind.Customer.Core.csproj", "{04C4EA88-E785-4EDA-A7B3-100C2B9C81E5}"
EndProject
Project("{9A19103F-16F7-4668-BE54-9A1E7A4F7556}") = "Northwind.Service", "Northwind.Service\Northwind.Service.csproj", "{4E74325A-4BDC-4BB2-9834-8C1CC37D763D}"
EndProject
Project("{9A19103F-16F7-4668-BE54-9A1E7A4F7556}") = "Northwind.Customer.DAL.Mongo", "Northwind.Customer.DAL.Mongo\Northwind.Customer.DAL.Mongo.csproj", "{7F1D099B-1F10-4BA1-AAF4-C6E8B1153C0F}"
EndProject
Project("{9A19103F-16F7-4668-BE54-9A1E7A4F7556}") = "Northwind.Customer.DAL.SQL", "Northwind.Customer.DAL.SQL\Northwind.Customer.DAL.SQL.csproj", "{422E0853-6C29-4468-A7FD-2FFD2E6CB489}"
EndProject
Project("{2150E333-8FDC-42A3-9474-1A3956D46DE8}") = "Tests", "Tests", "{E178D526-D7E3-4FC8-A5C6-8BB401FAE481}"
EndProject
Project("{9A19103F-16F7-4668-BE54-9A1E7A4F7556}") = "Northwind.Data.Service.Tests", "Northwind.Data.Service.Tests\Northwind.Data.Service.Tests.csproj", "{D5F73428-84B5-4B02-A71D-B45456319952}"
EndProject
Project("{D954291E-2A0B-460D-934E-DC6B0785DB48}") = "Enterprise.Lib.Core", "Enterprise.Lib.Core\Enterprise.Lib.Core.shproj", "{BE36707B-51C3-4A6D-A54E-4A26DDB80E84}"
EndProject
Project("{D954291E-2A0B-460D-934E-DC6B0785DB48}") = "Enterprise.Lib.DataAccess", "Enterprise.Lib.DataAccess\Enterprise.Lib.DataAccess.shproj", "{F52DB0A0-AD21-465D-8CF7-2A86C2B587AF}"
EndProject
Project("{D954291E-2A0B-460D-934E-DC6B0785DB48}") = "Enterprise.Lib.Logging", "Enterprise.Lib.Logging\Enterprise.Lib.Logging.shproj", "{63B1AEFD-0029-40F4-A159-EA044C39527F}"
EndProject
Project("{D954291E-2A0B-460D-934E-DC6B0785DB48}") = "Enterprise.Lib.Service", "Enterprise.Lib.Service\Enterprise.Lib.Service.shproj", "{583C6ECA-3A2C-4AB3-812A-290269A34E48}"
EndProject
Global
	GlobalSection(SharedMSBuildProjectFiles) = preSolution
		Northwind.Customer\Northwind.Customer.projitems*{2722b0c1-9a0e-4ccd-aa14-00d2edfd813e}*SharedItemsImports = 13
		Enterprise.Lib.Service\Enterprise.Lib.Service.projitems*{583c6eca-3a2c-4ab3-812a-290269a34e48}*SharedItemsImports = 13
		Enterprise.Lib.Logging\Enterprise.Lib.Logging.projitems*{63b1aefd-0029-40f4-a159-ea044c39527f}*SharedItemsImports = 13
		Enterprise.Lib.Core\Enterprise.Lib.Core.projitems*{be36707b-51c3-4a6d-a54e-4a26ddb80e84}*SharedItemsImports = 13
		Enterprise.Lib.DataAccess\Enterprise.Lib.DataAccess.projitems*{f52db0a0-ad21-465d-8cf7-2a86c2b587af}*SharedItemsImports = 13
	EndGlobalSection
	GlobalSection(SolutionConfigurationPlatforms) = preSolution
		Debug|Any CPU = Debug|Any CPU
		Release|Any CPU = Release|Any CPU
	EndGlobalSection
	GlobalSection(ProjectConfigurationPlatforms) = postSolution
		{14CAB3B5-1B5C-4DCA-8B93-93EC606E7BDF}.Debug|Any CPU.ActiveCfg = Debug|Any CPU
		{14CAB3B5-1B5C-4DCA-8B93-93EC606E7BDF}.Debug|Any CPU.Build.0 = Debug|Any CPU
		{14CAB3B5-1B5C-4DCA-8B93-93EC606E7BDF}.Release|Any CPU.ActiveCfg = Release|Any CPU
		{14CAB3B5-1B5C-4DCA-8B93-93EC606E7BDF}.Release|Any CPU.Build.0 = Release|Any CPU
		{04C4EA88-E785-4EDA-A7B3-100C2B9C81E5}.Debug|Any CPU.ActiveCfg = Debug|Any CPU
		{04C4EA88-E785-4EDA-A7B3-100C2B9C81E5}.Debug|Any CPU.Build.0 = Debug|Any CPU
		{04C4EA88-E785-4EDA-A7B3-100C2B9C81E5}.Release|Any CPU.ActiveCfg = Release|Any CPU
		{04C4EA88-E785-4EDA-A7B3-100C2B9C81E5}.Release|Any CPU.Build.0 = Release|Any CPU
		{4E74325A-4BDC-4BB2-9834-8C1CC37D763D}.Debug|Any CPU.ActiveCfg = Debug|Any CPU
		{4E74325A-4BDC-4BB2-9834-8C1CC37D763D}.Debug|Any CPU.Build.0 = Debug|Any CPU
		{4E74325A-4BDC-4BB2-9834-8C1CC37D763D}.Release|Any CPU.ActiveCfg = Release|Any CPU
		{4E74325A-4BDC-4BB2-9834-8C1CC37D763D}.Release|Any CPU.Build.0 = Release|Any CPU
		{7F1D099B-1F10-4BA1-AAF4-C6E8B1153C0F}.Debug|Any CPU.ActiveCfg = Debug|Any CPU
		{7F1D099B-1F10-4BA1-AAF4-C6E8B1153C0F}.Debug|Any CPU.Build.0 = Debug|Any CPU
		{7F1D099B-1F10-4BA1-AAF4-C6E8B1153C0F}.Release|Any CPU.ActiveCfg = Release|Any CPU
		{7F1D099B-1F10-4BA1-AAF4-C6E8B1153C0F}.Release|Any CPU.Build.0 = Release|Any CPU
		{422E0853-6C29-4468-A7FD-2FFD2E6CB489}.Debug|Any CPU.ActiveCfg = Debug|Any CPU
		{422E0853-6C29-4468-A7FD-2FFD2E6CB489}.Debug|Any CPU.Build.0 = Debug|Any CPU
		{422E0853-6C29-4468-A7FD-2FFD2E6CB489}.Release|Any CPU.ActiveCfg = Release|Any CPU
		{422E0853-6C29-4468-A7FD-2FFD2E6CB489}.Release|Any CPU.Build.0 = Release|Any CPU
		{D5F73428-84B5-4B02-A71D-B45456319952}.Debug|Any CPU.ActiveCfg = Debug|Any CPU
		{D5F73428-84B5-4B02-A71D-B45456319952}.Debug|Any CPU.Build.0 = Debug|Any CPU
		{D5F73428-84B5-4B02-A71D-B45456319952}.Release|Any CPU.ActiveCfg = Release|Any CPU
		{D5F73428-84B5-4B02-A71D-B45456319952}.Release|Any CPU.Build.0 = Release|Any CPU
	EndGlobalSection
	GlobalSection(SolutionProperties) = preSolution
		HideSolutionNode = FALSE
	EndGlobalSection
	GlobalSection(NestedProjects) = preSolution
		{14CAB3B5-1B5C-4DCA-8B93-93EC606E7BDF} = {3F00F36B-0A5A-41A9-AF59-5724635E1D75}
		{2722B0C1-9A0E-4CCD-AA14-00D2EDFD813E} = {AE65D4C3-46D4-426B-A646-547D0DF0825E}
		{04C4EA88-E785-4EDA-A7B3-100C2B9C81E5} = {19665D7A-15BC-4165-B026-4D2C2F96C9B7}
		{4E74325A-4BDC-4BB2-9834-8C1CC37D763D} = {19665D7A-15BC-4165-B026-4D2C2F96C9B7}
		{7F1D099B-1F10-4BA1-AAF4-C6E8B1153C0F} = {652C2535-9124-4B40-9E73-D7B877341DFD}
		{422E0853-6C29-4468-A7FD-2FFD2E6CB489} = {652C2535-9124-4B40-9E73-D7B877341DFD}
		{D5F73428-84B5-4B02-A71D-B45456319952} = {E178D526-D7E3-4FC8-A5C6-8BB401FAE481}
		{BE36707B-51C3-4A6D-A54E-4A26DDB80E84} = {AE65D4C3-46D4-426B-A646-547D0DF0825E}
		{F52DB0A0-AD21-465D-8CF7-2A86C2B587AF} = {AE65D4C3-46D4-426B-A646-547D0DF0825E}
		{63B1AEFD-0029-40F4-A159-EA044C39527F} = {AE65D4C3-46D4-426B-A646-547D0DF0825E}
		{583C6ECA-3A2C-4AB3-812A-290269A34E48} = {AE65D4C3-46D4-426B-A646-547D0DF0825E}
	EndGlobalSection
	GlobalSection(ExtensibilityGlobals) = postSolution
		SolutionGuid = {7199A694-D706-4009-9BF3-5BD7F0D2CE3D}
	EndGlobalSection
EndGlobal
